// !$*UTF8*$!
{
	archiveVersion = 1;
	classes = {};
	objectVersion = 56;
	objects = {

/* Begin PBXBuildFile section */
		A10000000000000000000001 /* CoastFuelApp.swift in Sources */ = {isa = PBXBuildFile; fileRef = A20000000000000000000001 /* CoastFuelApp.swift */; };
		A10000000000000000000002 /* ContentView.swift in Sources */ = {isa = PBXBuildFile; fileRef = A20000000000000000000002 /* ContentView.swift */; };
		A10000000000000000000003 /* FuelDataService.swift in Sources */ = {isa = PBXBuildFile; fileRef = A20000000000000000000003 /* FuelDataService.swift */; };
		A10000000000000000000004 /* CarPlaySceneDelegate.swift in Sources */ = {isa = PBXBuildFile; fileRef = A20000000000000000000004 /* CarPlaySceneDelegate.swift */; };
		A10000000000000000000006 /* FuelStation.swift in Sources */ = {isa = PBXBuildFile; fileRef = A20000000000000000000008 /* FuelStation.swift */; };
/* End PBXBuildFile section */

/* Begin PBXFileReference section */
		A20000000000000000000001 /* CoastFuelApp.swift */ = {isa = PBXFileReference; lastKnownFileType = sourcecode.swift; path = CoastFuelApp.swift; sourceTree = "<group>"; };
		A20000000000000000000002 /* ContentView.swift */ = {isa = PBXFileReference; lastKnownFileType = sourcecode.swift; path = ContentView.swift; sourceTree = "<group>"; };
		A20000000000000000000003 /* FuelDataService.swift */ = {isa = PBXFileReference; lastKnownFileType = sourcecode.swift; path = FuelDataService.swift; sourceTree = "<group>"; };
		A20000000000000000000004 /* CarPlaySceneDelegate.swift */ = {isa = PBXFileReference; lastKnownFileType = sourcecode.swift; path = CarPlaySceneDelegate.swift; sourceTree = "<group>"; };
		A20000000000000000000005 /* Info.plist */ = {isa = PBXFileReference; lastKnownFileType = text.plist.xml; path = Info.plist; sourceTree = "<group>"; };
		A20000000000000000000007 /* CoastFuel.app */ = {isa = PBXFileReference; explicitFileType = wrapper.application; includeInIndex = 0; path = CoastFuel.app; sourceTree = BUILT_PRODUCTS_DIR; };
		A20000000000000000000008 /* FuelStation.swift */ = {isa = PBXFileReference; lastKnownFileType = sourcecode.swift; path = Models/FuelStation.swift; sourceTree = "<group>"; };
/* End PBXFileReference section */

/* Begin PBXGroup section */
		A30000000000000000000001 = {isa = PBXGroup; children = (A30000000000000000000002 /* CoastFuel */, A30000000000000000000003 /* Products */, ); sourceTree = "<group>"; };
		A30000000000000000000002 /* CoastFuel */ = {isa = PBXGroup; children = (A20000000000000000000001, A20000000000000000000002, A20000000000000000000003, A20000000000000000000004, A20000000000000000000005, A20000000000000000000008 /* FuelStation.swift */, ); path = CoastFuel; sourceTree = "<group>"; };
		A30000000000000000000003 /* Products */ = {isa = PBXGroup; children = (A20000000000000000000007 /* CoastFuel.app */, ); name = Products; sourceTree = "<group>"; };
/* End PBXGroup section */

/* Begin PBXNativeTarget section */
		A40000000000000000000001 /* CoastFuel */ = {isa = PBXNativeTarget; buildConfigurationList = A50000000000000000000002 /* Build configuration list for PBXNativeTarget "CoastFuel" */; buildPhases = (A60000000000000000000001 /* Sources */, A60000000000000000000002 /* Frameworks */, A60000000000000000000003 /* Resources */, ); buildRules = (); dependencies = (); name = CoastFuel; productName = CoastFuel; productReference = A20000000000000000000007 /* CoastFuel.app */; productType = "com.apple.product-type.application"; };
/* End PBXNativeTarget section */

/* Begin PBXProject section */
		A40000000000000000000002 /* Project object */ = {isa = PBXProject; attributes = {BuildIndependentTargetsInParallel = 1; LastSwiftUpdateCheck = 1600; LastUpgradeCheck = 1600; TargetAttributes = {A40000000000000000000001 = {CreatedOnToolsVersion = 16.0; }; }; }; buildConfigurationList = A50000000000000000000001 /* Build configuration list for PBXProject "CoastFuel" */; compatibilityVersion = "Xcode 14.0"; developmentRegion = en; hasScannedForEncodings = 0; knownRegions = (en, Base, ); mainGroup = A30000000000000000000001; productRefGroup = A30000000000000000000003 /* Products */; projectDirPath = ""; projectRoot = ""; targets = (A40000000000000000000001 /* CoastFuel */, ); };
/* End PBXProject section */

/* Begin PBXResourcesBuildPhase section */
		A60000000000000000000003 /* Resources */ = {isa = PBXResourcesBuildPhase; buildActionMask = 2147483647; files = (); runOnlyForDeploymentPostprocessing = 0; };
/* End PBXResourcesBuildPhase section */

/* Begin PBXSourcesBuildPhase section */
		A60000000000000000000001 /* Sources */ = {isa = PBXSourcesBuildPhase; buildActionMask = 2147483647; files = (A10000000000000000000001, A10000000000000000000002, A10000000000000000000003, A10000000000000000000004, A10000000000000000000006, ); runOnlyForDeploymentPostprocessing = 0; };
/* End PBXSourcesBuildPhase section */

/* Begin PBXFrameworksBuildPhase section */
		A60000000000000000000002 /* Frameworks */ = {isa = PBXFrameworksBuildPhase; buildActionMask = 2147483647; files = (); runOnlyForDeploymentPostprocessing = 0; };
/* End PBXFrameworksBuildPhase section */

/* Begin XCBuildConfiguration section */
		A70000000000000000000001 /* Debug project */ = {isa = XCBuildConfiguration; buildSettings = {ALWAYS_SEARCH_USER_PATHS = NO; CLANG_ENABLE_MODULES = YES; CLANG_ENABLE_OBJC_ARC = YES; CLANG_ENABLE_OBJC_MODULES = YES; IPHONEOS_DEPLOYMENT_TARGET = 17.0; SDKROOT = iphoneos; SWIFT_VERSION = 5.0; }; name = Debug; };
		A70000000000000000000002 /* Release project */ = {isa = XCBuildConfiguration; buildSettings = {ALWAYS_SEARCH_USER_PATHS = NO; CLANG_ENABLE_MODULES = YES; CLANG_ENABLE_OBJC_ARC = YES; IPHONEOS_DEPLOYMENT_TARGET = 17.0; SDKROOT = iphoneos; SWIFT_VERSION = 5.0; }; name = Release; };
		A70000000000000000000003 /* Debug target */ = {isa = XCBuildConfiguration; buildSettings = {GENERATE_INFOPLIST_FILE = YES; INFOPLIST_FILE = CoastFuel/Info.plist; INFOPLIST_KEY_CFBundleDisplayName = CoastFuel; INFOPLIST_KEY_UILaunchScreen_Generation = YES; IPHONEOS_DEPLOYMENT_TARGET = 17.0; PRODUCT_BUNDLE_IDENTIFIER = com.daveytodd.CoastFuel; PRODUCT_NAME = "$(TARGET_NAME)"; SWIFT_VERSION = 5.0; TARGETED_DEVICE_FAMILY = "1,2"; }; name = Debug; };
		A70000000000000000000004 /* Release target */ = {isa = XCBuildConfiguration; buildSettings = {GENERATE_INFOPLIST_FILE = YES; INFOPLIST_FILE = CoastFuel/Info.plist; INFOPLIST_KEY_CFBundleDisplayName = CoastFuel; INFOPLIST_KEY_UILaunchScreen_Generation = YES; IPHONEOS_DEPLOYMENT_TARGET = 17.0; PRODUCT_BUNDLE_IDENTIFIER = com.daveytodd.CoastFuel; PRODUCT_NAME = "$(TARGET_NAME)"; SWIFT_VERSION = 5.0; TARGETED_DEVICE_FAMILY = "1,2"; }; name = Release; };
/* End XCBuildConfiguration section */

/* Begin XCConfigurationList section */
		A50000000000000000000001 /* Build configuration list for PBXProject "CoastFuel" */ = {isa = XCConfigurationList; buildConfigurations = (A70000000000000000000001, A70000000000000000000002, ); defaultConfigurationIsVisible = 0; defaultConfigurationName = Release; };
		A50000000000000000000002 /* Build configuration list for PBXNativeTarget "CoastFuel" */ = {isa = XCConfigurationList; buildConfigurations = (A70000000000000000000003, A70000000000000000000004, ); defaultConfigurationIsVisible = 0; defaultConfigurationName = Release; };
/* End XCConfigurationList section */
	};
	rootObject = A40000000000000000000002 /* Project object */;
}
